
Microsoft Visual Studio Solution File, Format Version 12.00
Project("{FAE04EC0-301F-11D3-BF4B-00C04F79EFBC}") = "Assembly-CSharp.TasInfo.mm", "Assembly-CSharp.TasInfo.mm.csproj", "{45699EED-E8CE-4B17-9B91-CB721B84D493}"
EndProject
Global
	GlobalSection(SolutionConfigurationPlatforms) = preSolution
		v1028|Any CPU = v1028|Any CPU
		v1221|Any CPU = v1221|Any CPU
		v1432|Any CPU = v1432|Any CPU
	EndGlobalSection
	GlobalSection(ProjectConfigurationPlatforms) = postSolution
		{45699EED-E8CE-4B17-9B91-CB721B84D493}.v1028|Any CPU.ActiveCfg = v1028|Any CPU
		{45699EED-E8CE-4B17-9B91-CB721B84D493}.v1028|Any CPU.Build.0 = v1028|Any CPU
		{45699EED-E8CE-4B17-9B91-CB721B84D493}.v1221|Any CPU.ActiveCfg = v1221|Any CPU
		{45699EED-E8CE-4B17-9B91-CB721B84D493}.v1221|Any CPU.Build.0 = v1221|Any CPU
		{45699EED-E8CE-4B17-9B91-CB721B84D493}.v1432|Any CPU.ActiveCfg = v1432|Any CPU
		{45699EED-E8CE-4B17-9B91-CB721B84D493}.v1432|Any CPU.Build.0 = v1432|Any CPU
	EndGlobalSection
EndGlobal
